
Microsoft Visual Studio Solution File, Format Version 12.00
# Visual Studio Version 16
VisualStudioVersion = 16.0.31129.286
MinimumVisualStudioVersion = 10.0.40219.1
Project("{FAE04EC0-301F-11D3-BF4B-00C04F79EFBC}") = "comparator-demo", "comparator-demo\comparator-demo.csproj", "{76D1FB4C-BE26-4C5A-AE5E-0B4E9160224F}"
EndProject
Project("{FAE04EC0-301F-11D3-BF4B-00C04F79EFBC}") = "admin-panel", "admin-panel\admin-panel.csproj", "{A7D017BB-8221-4736-9520-0E0CA730DBD1}"
EndProject
Global
	GlobalSection(SolutionConfigurationPlatforms) = preSolution
		Debug|Any CPU = Debug|Any CPU
		Release|Any CPU = Release|Any CPU
	EndGlobalSection
	GlobalSection(ProjectConfigurationPlatforms) = postSolution
		{76D1FB4C-BE26-4C5A-AE5E-0B4E9160224F}.Debug|Any CPU.ActiveCfg = Debug|Any CPU
		{76D1FB4C-BE26-4C5A-AE5E-0B4E9160224F}.Debug|Any CPU.Build.0 = Debug|Any CPU
		{76D1FB4C-BE26-4C5A-AE5E-0B4E9160224F}.Release|Any CPU.ActiveCfg = Release|Any CPU
		{76D1FB4C-BE26-4C5A-AE5E-0B4E9160224F}.Release|Any CPU.Build.0 = Release|Any CPU
		{A7D017BB-8221-4736-9520-0E0CA730DBD1}.Debug|Any CPU.ActiveCfg = Debug|Any CPU
		{A7D017BB-8221-4736-9520-0E0CA730DBD1}.Debug|Any CPU.Build.0 = Debug|Any CPU
		{A7D017BB-8221-4736-9520-0E0CA730DBD1}.Release|Any CPU.ActiveCfg = Release|Any CPU
		{A7D017BB-8221-4736-9520-0E0CA730DBD1}.Release|Any CPU.Build.0 = Release|Any CPU
	EndGlobalSection
	GlobalSection(SolutionProperties) = preSolution
		HideSolutionNode = FALSE
	EndGlobalSection
	GlobalSection(ExtensibilityGlobals) = postSolution
		SolutionGuid = {5DB99B36-18FA-4D54-84AA-C19700ED1025}
	EndGlobalSection
EndGlobal
